
Microsoft Visual Studio Solution File, Format Version 12.00
# Visual Studio Version 17
VisualStudioVersion = 17.5.002.0
MinimumVisualStudioVersion = 10.0.40219.1
Project("{9A19103F-16F7-4668-BE54-9A1E7A4F7556}") = "DatingApp.API", "DatingApp.API.csproj", "{30F2ACE8-7927-46A6-938A-B4439BB22DCB}"
EndProject
Global
	GlobalSection(SolutionConfigurationPlatforms) = preSolution
		Debug|Any CPU = Debug|Any CPU
		Release|Any CPU = Release|Any CPU
	EndGlobalSection
	GlobalSection(ProjectConfigurationPlatforms) = postSolution
		{30F2ACE8-7927-46A6-938A-B4439BB22DCB}.Debug|Any CPU.ActiveCfg = Debug|Any CPU
		{30F2ACE8-7927-46A6-938A-B4439BB22DCB}.Debug|Any CPU.Build.0 = Debug|Any CPU
		{30F2ACE8-7927-46A6-938A-B4439BB22DCB}.Release|Any CPU.ActiveCfg = Release|Any CPU
		{30F2ACE8-7927-46A6-938A-B4439BB22DCB}.Release|Any CPU.Build.0 = Release|Any CPU
	EndGlobalSection
	GlobalSection(SolutionProperties) = preSolution
		HideSolutionNode = FALSE
	EndGlobalSection
	GlobalSection(ExtensibilityGlobals) = postSolution
		SolutionGuid = {EE37F02B-3B57-45BB-89D3-739A0EB31500}
	EndGlobalSection
EndGlobal
